
Microsoft Visual Studio Solution File, Format Version 12.00
# Visual Studio Version 16
VisualStudioVersion = 16.0.30717.126
MinimumVisualStudioVersion = 10.0.40219.1
Project("{888888A0-9F3D-457C-B088-3A5042F75D52}") = "WebMonitorProject", "WebMonitorProject\WebMonitorProject.pyproj", "{95BA1A86-5456-44DB-8F6B-493676810C69}"
EndProject
Global
	GlobalSection(SolutionConfigurationPlatforms) = preSolution
		Debug|Any CPU = Debug|Any CPU
		Release|Any CPU = Release|Any CPU
	EndGlobalSection
	GlobalSection(ProjectConfigurationPlatforms) = postSolution
		{95BA1A86-5456-44DB-8F6B-493676810C69}.Debug|Any CPU.ActiveCfg = Debug|Any CPU
		{95BA1A86-5456-44DB-8F6B-493676810C69}.Debug|Any CPU.Build.0 = Debug|Any CPU
		{95BA1A86-5456-44DB-8F6B-493676810C69}.Release|Any CPU.ActiveCfg = Release|Any CPU
		{95BA1A86-5456-44DB-8F6B-493676810C69}.Release|Any CPU.Build.0 = Release|Any CPU
	EndGlobalSection
	GlobalSection(SolutionProperties) = preSolution
		HideSolutionNode = FALSE
	EndGlobalSection
	GlobalSection(ExtensibilityGlobals) = postSolution
		SolutionGuid = {53C926B0-482B-4D7D-936E-A027433B7FB2}
	EndGlobalSection
EndGlobal
